
Microsoft Visual Studio Solution File, Format Version 12.00
# Visual Studio Version 16
VisualStudioVersion = 16.0.30907.101
MinimumVisualStudioVersion = 10.0.40219.1
Project("{FAE04EC0-301F-11D3-BF4B-00C04F79EFBC}") = "MusicScaffold", "MusicScaffold.csproj", "{DD8942AA-3878-4DDC-A7CD-8A1A664076BD}"
EndProject
Global
	GlobalSection(SolutionConfigurationPlatforms) = preSolution
		Debug|Any CPU = Debug|Any CPU
		Release|Any CPU = Release|Any CPU
	EndGlobalSection
	GlobalSection(ProjectConfigurationPlatforms) = postSolution
		{DD8942AA-3878-4DDC-A7CD-8A1A664076BD}.Debug|Any CPU.ActiveCfg = Debug|Any CPU
		{DD8942AA-3878-4DDC-A7CD-8A1A664076BD}.Debug|Any CPU.Build.0 = Debug|Any CPU
		{DD8942AA-3878-4DDC-A7CD-8A1A664076BD}.Release|Any CPU.ActiveCfg = Release|Any CPU
		{DD8942AA-3878-4DDC-A7CD-8A1A664076BD}.Release|Any CPU.Build.0 = Release|Any CPU
	EndGlobalSection
	GlobalSection(SolutionProperties) = preSolution
		HideSolutionNode = FALSE
	EndGlobalSection
	GlobalSection(ExtensibilityGlobals) = postSolution
		SolutionGuid = {DC132867-CA87-4E2A-9FE1-1533CEE5FB87}
	EndGlobalSection
EndGlobal
